
Microsoft Visual Studio Solution File, Format Version 12.00
# Visual Studio Version 17
VisualStudioVersion = 17.8.34330.188
MinimumVisualStudioVersion = 10.0.40219.1
Project("{FAE04EC0-301F-11D3-BF4B-00C04F79EFBC}") = "DataAccess", "DataAccess\DataAccess.csproj", "{7ED499D9-25A8-4A4D-8334-55267EDEC0A8}"
EndProject
Project("{FAE04EC0-301F-11D3-BF4B-00C04F79EFBC}") = "Bussiness", "Bussiness\Bussiness.csproj", "{FB91CD49-63FE-4041-90BD-36D8D264DA39}"
EndProject
Project("{FAE04EC0-301F-11D3-BF4B-00C04F79EFBC}") = "Entities", "Entities\Entities.csproj", "{7E28C377-C2F2-43C7-8D27-22269749D1E7}"
EndProject
Project("{FAE04EC0-301F-11D3-BF4B-00C04F79EFBC}") = "ConsoleUI", "ConsoleUI\ConsoleUI.csproj", "{3096CF52-8B19-44E5-B32D-39877C79A0E7}"
EndProject
Global
	GlobalSection(SolutionConfigurationPlatforms) = preSolution
		Debug|Any CPU = Debug|Any CPU
		Release|Any CPU = Release|Any CPU
	EndGlobalSection
	GlobalSection(ProjectConfigurationPlatforms) = postSolution
		{7ED499D9-25A8-4A4D-8334-55267EDEC0A8}.Debug|Any CPU.ActiveCfg = Debug|Any CPU
		{7ED499D9-25A8-4A4D-8334-55267EDEC0A8}.Debug|Any CPU.Build.0 = Debug|Any CPU
		{7ED499D9-25A8-4A4D-8334-55267EDEC0A8}.Release|Any CPU.ActiveCfg = Release|Any CPU
		{7ED499D9-25A8-4A4D-8334-55267EDEC0A8}.Release|Any CPU.Build.0 = Release|Any CPU
		{FB91CD49-63FE-4041-90BD-36D8D264DA39}.Debug|Any CPU.ActiveCfg = Debug|Any CPU
		{FB91CD49-63FE-4041-90BD-36D8D264DA39}.Debug|Any CPU.Build.0 = Debug|Any CPU
		{FB91CD49-63FE-4041-90BD-36D8D264DA39}.Release|Any CPU.ActiveCfg = Release|Any CPU
		{FB91CD49-63FE-4041-90BD-36D8D264DA39}.Release|Any CPU.Build.0 = Release|Any CPU
		{7E28C377-C2F2-43C7-8D27-22269749D1E7}.Debug|Any CPU.ActiveCfg = Debug|Any CPU
		{7E28C377-C2F2-43C7-8D27-22269749D1E7}.Debug|Any CPU.Build.0 = Debug|Any CPU
		{7E28C377-C2F2-43C7-8D27-22269749D1E7}.Release|Any CPU.ActiveCfg = Release|Any CPU
		{7E28C377-C2F2-43C7-8D27-22269749D1E7}.Release|Any CPU.Build.0 = Release|Any CPU
		{3096CF52-8B19-44E5-B32D-39877C79A0E7}.Debug|Any CPU.ActiveCfg = Debug|Any CPU
		{3096CF52-8B19-44E5-B32D-39877C79A0E7}.Debug|Any CPU.Build.0 = Debug|Any CPU
		{3096CF52-8B19-44E5-B32D-39877C79A0E7}.Release|Any CPU.ActiveCfg = Release|Any CPU
		{3096CF52-8B19-44E5-B32D-39877C79A0E7}.Release|Any CPU.Build.0 = Release|Any CPU
	EndGlobalSection
	GlobalSection(SolutionProperties) = preSolution
		HideSolutionNode = FALSE
	EndGlobalSection
	GlobalSection(ExtensibilityGlobals) = postSolution
		SolutionGuid = {1E880646-C92A-4A72-8CCD-B58C9A5D0833}
	EndGlobalSection
EndGlobal
